// !$*UTF8*$!
{
	archiveVersion = 1;
	classes = {
	};
	objectVersion = 46;
	objects = {

/* Begin PBXBuildFile section */
		01F324051F3028F0004D8FF7 /* main.m in Sources */ = {isa = PBXBuildFile; fileRef = 01F324041F3028F0004D8FF7 /* main.m */; };
		01F324081F3028F0004D8FF7 /* AppDelegate.m in Sources */ = {isa = PBXBuildFile; fileRef = 01F324071F3028F0004D8FF7 /* AppDelegate.m */; };
		01F3240B1F3028F0004D8FF7 /* ViewController.m in Sources */ = {isa = PBXBuildFile; fileRef = 01F3240A1F3028F0004D8FF7 /* ViewController.m */; };
		01F3240E1F3028F0004D8FF7 /* Main.storyboard in Resources */ = {isa = PBXBuildFile; fileRef = 01F3240C1F3028F0004D8FF7 /* Main.storyboard */; };
		01F324101F3028F0004D8FF7 /* Assets.xcassets in Resources */ = {isa = PBXBuildFile; fileRef = 01F3240F1F3028F0004D8FF7 /* Assets.xcassets */; };
		01F324131F3028F0004D8FF7 /* LaunchScreen.storyboard in Resources */ = {isa = PBXBuildFile; fileRef = 01F324111F3028F0004D8FF7 /* LaunchScreen.storyboard */; };
		01F3241E1F3028F0004D8FF7 /* TestDemoTests.m in Sources */ = {isa = PBXBuildFile; fileRef = 01F3241D1F3028F0004D8FF7 /* TestDemoTests.m */; };
		01F324291F3028F0004D8FF7 /* TestDemoUITests.m in Sources */ = {isa = PBXBuildFile; fileRef = 01F324281F3028F0004D8FF7 /* TestDemoUITests.m */; };
/* End PBXBuildFile section */

/* Begin PBXContainerItemProxy section */
		01F3241A1F3028F0004D8FF7 /* PBXContainerItemProxy */ = {
			isa = PBXContainerItemProxy;
			containerPortal = 01F323F81F3028EF004D8FF7 /* Project object */;
			proxyType = 1;
			remoteGlobalIDString = 01F323FF1F3028EF004D8FF7;
			remoteInfo = TestDemo;
		};
		01F324251F3028F0004D8FF7 /* PBXContainerItemProxy */ = {
			isa = PBXContainerItemProxy;
			containerPortal = 01F323F81F3028EF004D8FF7 /* Project object */;
			proxyType = 1;
			remoteGlobalIDString = 01F323FF1F3028EF004D8FF7;
			remoteInfo = TestDemo;
		};
/* End PBXContainerItemProxy section */

/* Begin PBXFileReference section */
		01F324001F3028F0004D8FF7 /* TestDemo.app */ = {isa = PBXFileReference; explicitFileType = wrapper.application; includeInIndex = 0; path = TestDemo.app; sourceTree = BUILT_PRODUCTS_DIR; };
		01F324041F3028F0004D8FF7 /* main.m */ = {isa = PBXFileReference; lastKnownFileType = sourcecode.c.objc; path = main.m; sourceTree = "<group>"; };
		01F324061F3028F0004D8FF7 /* AppDelegate.h */ = {isa = PBXFileReference; lastKnownFileType = sourcecode.c.h; path = AppDelegate.h; sourceTree = "<group>"; };
		01F324071F3028F0004D8FF7 /* AppDelegate.m */ = {isa = PBXFileReference; lastKnownFileType = sourcecode.c.objc; path = AppDelegate.m; sourceTree = "<group>"; };
		01F324091F3028F0004D8FF7 /* ViewController.h */ = {isa = PBXFileReference; lastKnownFileType = sourcecode.c.h; path = ViewController.h; sourceTree = "<group>"; };
		01F3240A1F3028F0004D8FF7 /* ViewController.m */ = {isa = PBXFileReference; lastKnownFileType = sourcecode.c.objc; path = ViewController.m; sourceTree = "<group>"; };
		01F3240D1F3028F0004D8FF7 /* Base */ = {isa = PBXFileReference; lastKnownFileType = file.storyboard; name = Base; path = Base.lproj/Main.storyboard; sourceTree = "<group>"; };
		01F3240F1F3028F0004D8FF7 /* Assets.xcassets */ = {isa = PBXFileReference; lastKnownFileType = folder.assetcatalog; path = Assets.xcassets; sourceTree = "<group>"; };
		01F324121F3028F0004D8FF7 /* Base */ = {isa = PBXFileReference; lastKnownFileType = file.storyboard; name = Base; path = Base.lproj/LaunchScreen.storyboard; sourceTree = "<group>"; };
		01F324141F3028F0004D8FF7 /* Info.plist */ = {isa = PBXFileReference; lastKnownFileType = text.plist.xml; path = Info.plist; sourceTree = "<group>"; };
		01F324191F3028F0004D8FF7 /* TestDemoTests.xctest */ = {isa = PBXFileReference; explicitFileType = wrapper.cfbundle; includeInIndex = 0; path = TestDemoTests.xctest; sourceTree = BUILT_PRODUCTS_DIR; };
		01F3241D1F3028F0004D8FF7 /* TestDemoTests.m */ = {isa = PBXFileReference; lastKnownFileType = sourcecode.c.objc; path = TestDemoTests.m; sourceTree = "<group>"; };
		01F3241F1F3028F0004D8FF7 /* Info.plist */ = {isa = PBXFileReference; lastKnownFileType = text.plist.xml; path = Info.plist; sourceTree = "<group>"; };
		01F324241F3028F0004D8FF7 /* TestDemoUITests.xctest */ = {isa = PBXFileReference; explicitFileType = wrapper.cfbundle; includeInIndex = 0; path = TestDemoUITests.xctest; sourceTree = BUILT_PRODUCTS_DIR; };
		01F324281F3028F0004D8FF7 /* TestDemoUITests.m */ = {isa = PBXFileReference; lastKnownFileType = sourcecode.c.objc; path = TestDemoUITests.m; sourceTree = "<group>"; };
		01F3242A1F3028F0004D8FF7 /* Info.plist */ = {isa = PBXFileReference; lastKnownFileType = text.plist.xml; path = Info.plist; sourceTree = "<group>"; };
/* End PBXFileReference section */

/* Begin PBXFrameworksBuildPhase section */
		01F323FD1F3028EF004D8FF7 /* Frameworks */ = {
			isa = PBXFrameworksBuildPhase;
			buildActionMask = 2147483647;
			files = (
			);
			runOnlyForDeploymentPostprocessing = 0;
		};
		01F324161F3028F0004D8FF7 /* Frameworks */ = {
			isa = PBXFrameworksBuildPhase;
			buildActionMask = 2147483647;
			files = (
			);
			runOnlyForDeploymentPostprocessing = 0;
		};
		01F324211F3028F0004D8FF7 /* Frameworks */ = {
			isa = PBXFrameworksBuildPhase;
			buildActionMask = 2147483647;
			files = (
			);
			runOnlyForDeploymentPostprocessing = 0;
		};
/* End PBXFrameworksBuildPhase section */

/* Begin PBXGroup section */
		01F323F71F3028EF004D8FF7 = {
			isa = PBXGroup;
			children = (
				01F324021F3028F0004D8FF7 /* TestDemo */,
				01F3241C1F3028F0004D8FF7 /* TestDemoTests */,
				01F324271F3028F0004D8FF7 /* TestDemoUITests */,
				01F324011F3028F0004D8FF7 /* Products */,
			);
			sourceTree = "<group>";
		};
		01F324011F3028F0004D8FF7 /* Products */ = {
			isa = PBXGroup;
			children = (
				01F324001F3028F0004D8FF7 /* TestDemo.app */,
				01F324191F3028F0004D8FF7 /* TestDemoTests.xctest */,
				01F324241F3028F0004D8FF7 /* TestDemoUITests.xctest */,
			);
			name = Products;
			sourceTree = "<group>";
		};
		01F324021F3028F0004D8FF7 /* TestDemo */ = {
			isa = PBXGroup;
			children = (
				01F324061F3028F0004D8FF7 /* AppDelegate.h */,
				01F324071F3028F0004D8FF7 /* AppDelegate.m */,
				01F324091F3028F0004D8FF7 /* ViewController.h */,
				01F3240A1F3028F0004D8FF7 /* ViewController.m */,
				01F3240C1F3028F0004D8FF7 /* Main.storyboard */,
				01F3240F1F3028F0004D8FF7 /* Assets.xcassets */,
				01F324111F3028F0004D8FF7 /* LaunchScreen.storyboard */,
				01F324141F3028F0004D8FF7 /* Info.plist */,
				01F324031F3028F0004D8FF7 /* Supporting Files */,
			);
			path = TestDemo;
			sourceTree = "<group>";
		};
		01F324031F3028F0004D8FF7 /* Supporting Files */ = {
			isa = PBXGroup;
			children = (
				01F324041F3028F0004D8FF7 /* main.m */,
			);
			name = "Supporting Files";
			sourceTree = "<group>";
		};
		01F3241C1F3028F0004D8FF7 /* TestDemoTests */ = {
			isa = PBXGroup;
			children = (
				01F3241D1F3028F0004D8FF7 /* TestDemoTests.m */,
				01F3241F1F3028F0004D8FF7 /* Info.plist */,
			);
			path = TestDemoTests;
			sourceTree = "<group>";
		};
		01F324271F3028F0004D8FF7 /* TestDemoUITests */ = {
			isa = PBXGroup;
			children = (
				01F324281F3028F0004D8FF7 /* TestDemoUITests.m */,
				01F3242A1F3028F0004D8FF7 /* Info.plist */,
			);
			path = TestDemoUITests;
			sourceTree = "<group>";
		};
/* End PBXGroup section */

/* Begin PBXNativeTarget section */
		01F323FF1F3028EF004D8FF7 /* TestDemo */ = {
			isa = PBXNativeTarget;
			buildConfigurationList = 01F3242D1F3028F0004D8FF7 /* Build configuration list for PBXNativeTarget "TestDemo" */;
			buildPhases = (
				01F323FC1F3028EF004D8FF7 /* Sources */,
				01F323FD1F3028EF004D8FF7 /* Frameworks */,
				01F323FE1F3028EF004D8FF7 /* Resources */,
			);
			buildRules = (
			);
			dependencies = (
			);
			name = TestDemo;
			productName = TestDemo;
			productReference = 01F324001F3028F0004D8FF7 /* TestDemo.app */;
			productType = "com.apple.product-type.application";
		};
		01F324181F3028F0004D8FF7 /* TestDemoTests */ = {
			isa = PBXNativeTarget;
			buildConfigurationList = 01F324301F3028F0004D8FF7 /* Build configuration list for PBXNativeTarget "TestDemoTests" */;
			buildPhases = (
				01F324151F3028F0004D8FF7 /* Sources */,
				01F324161F3028F0004D8FF7 /* Frameworks */,
				01F324171F3028F0004D8FF7 /* Resources */,
			);
			buildRules = (
			);
			dependencies = (
				01F3241B1F3028F0004D8FF7 /* PBXTargetDependency */,
			);
			name = TestDemoTests;
			productName = TestDemoTests;
			productReference = 01F324191F3028F0004D8FF7 /* TestDemoTests.xctest */;
			productType = "com.apple.product-type.bundle.unit-test";
		};
		01F324231F3028F0004D8FF7 /* TestDemoUITests */ = {
			isa = PBXNativeTarget;
			buildConfigurationList = 01F324331F3028F0004D8FF7 /* Build configuration list for PBXNativeTarget "TestDemoUITests" */;
			buildPhases = (
				01F324201F3028F0004D8FF7 /* Sources */,
				01F324211F3028F0004D8FF7 /* Frameworks */,
				01F324221F3028F0004D8FF7 /* Resources */,
			);
			buildRules = (
			);
			dependencies = (
				01F324261F3028F0004D8FF7 /* PBXTargetDependency */,
			);
			name = TestDemoUITests;
			productName = TestDemoUITests;
			productReference = 01F324241F3028F0004D8FF7 /* TestDemoUITests.xctest */;
			productType = "com.apple.product-type.bundle.ui-testing";
		};
/* End PBXNativeTarget section */

/* Begin PBXProject section */
		01F323F81F3028EF004D8FF7 /* Project object */ = {
			isa = PBXProject;
			attributes = {
				LastUpgradeCheck = 0830;
				ORGANIZATIONNAME = lss;
				TargetAttributes = {
					01F323FF1F3028EF004D8FF7 = {
						CreatedOnToolsVersion = 8.3.2;
						ProvisioningStyle = Automatic;
					};
					01F324181F3028F0004D8FF7 = {
						CreatedOnToolsVersion = 8.3.2;
						ProvisioningStyle = Automatic;
						TestTargetID = 01F323FF1F3028EF004D8FF7;
					};
					01F324231F3028F0004D8FF7 = {
						CreatedOnToolsVersion = 8.3.2;
						ProvisioningStyle = Automatic;
						TestTargetID = 01F323FF1F3028EF004D8FF7;
					};
				};
			};
			buildConfigurationList = 01F323FB1F3028EF004D8FF7 /* Build configuration list for PBXProject "TestDemo" */;
			compatibilityVersion = "Xcode 3.2";
			developmentRegion = English;
			hasScannedForEncodings = 0;
			knownRegions = (
				en,
				Base,
			);
			mainGroup = 01F323F71F3028EF004D8FF7;
			productRefGroup = 01F324011F3028F0004D8FF7 /* Products */;
			projectDirPath = "";
			projectRoot = "";
			targets = (
				01F323FF1F3028EF004D8FF7 /* TestDemo */,
				01F324181F3028F0004D8FF7 /* TestDemoTests */,
				01F324231F3028F0004D8FF7 /* TestDemoUITests */,
			);
		};
/* End PBXProject section */

/* Begin PBXResourcesBuildPhase section */
		01F323FE1F3028EF004D8FF7 /* Resources */ = {
			isa = PBXResourcesBuildPhase;
			buildActionMask = 2147483647;
			files = (
				01F324131F3028F0004D8FF7 /* LaunchScreen.storyboard in Resources */,
				01F324101F3028F0004D8FF7 /* Assets.xcassets in Resources */,
				01F3240E1F3028F0004D8FF7 /* Main.storyboard in Resources */,
			);
			runOnlyForDeploymentPostprocessing = 0;
		};
		01F324171F3028F0004D8FF7 /* Resources */ = {
			isa = PBXResourcesBuildPhase;
			buildActionMask = 2147483647;
			files = (
			);
			runOnlyForDeploymentPostprocessing = 0;
		};
		01F324221F3028F0004D8FF7 /* Resources */ = {
			isa = PBXResourcesBuildPhase;
			buildActionMask = 2147483647;
			files = (
			);
			runOnlyForDeploymentPostprocessing = 0;
		};
/* End PBXResourcesBuildPhase section */

/* Begin PBXSourcesBuildPhase section */
		01F323FC1F3028EF004D8FF7 /* Sources */ = {
			isa = PBXSourcesBuildPhase;
			buildActionMask = 2147483647;
			files = (
				01F3240B1F3028F0004D8FF7 /* ViewController.m in Sources */,
				01F324081F3028F0004D8FF7 /* AppDelegate.m in Sources */,
				01F324051F3028F0004D8FF7 /* main.m in Sources */,
			);
			runOnlyForDeploymentPostprocessing = 0;
		};
		01F324151F3028F0004D8FF7 /* Sources */ = {
			isa = PBXSourcesBuildPhase;
			buildActionMask = 2147483647;
			files = (
				01F3241E1F3028F0004D8FF7 /* TestDemoTests.m in Sources */,
			);
			runOnlyForDeploymentPostprocessing = 0;
		};
		01F324201F3028F0004D8FF7 /* Sources */ = {
			isa = PBXSourcesBuildPhase;
			buildActionMask = 2147483647;
			files = (
				01F324291F3028F0004D8FF7 /* TestDemoUITests.m in Sources */,
			);
			runOnlyForDeploymentPostprocessing = 0;
		};
/* End PBXSourcesBuildPhase section */

/* Begin PBXTargetDependency section */
		01F3241B1F3028F0004D8FF7 /* PBXTargetDependency */ = {
			isa = PBXTargetDependency;
			target = 01F323FF1F3028EF004D8FF7 /* TestDemo */;
			targetProxy = 01F3241A1F3028F0004D8FF7 /* PBXContainerItemProxy */;
		};
		01F324261F3028F0004D8FF7 /* PBXTargetDependency */ = {
			isa = PBXTargetDependency;
			target = 01F323FF1F3028EF004D8FF7 /* TestDemo */;
			targetProxy = 01F324251F3028F0004D8FF7 /* PBXContainerItemProxy */;
		};
/* End PBXTargetDependency section */

/* Begin PBXVariantGroup section */
		01F3240C1F3028F0004D8FF7 /* Main.storyboard */ = {
			isa = PBXVariantGroup;
			children = (
				01F3240D1F3028F0004D8FF7 /* Base */,
			);
			name = Main.storyboard;
			sourceTree = "<group>";
		};
		01F324111F3028F0004D8FF7 /* LaunchScreen.storyboard */ = {
			isa = PBXVariantGroup;
			children = (
				01F324121F3028F0004D8FF7 /* Base */,
			);
			name = LaunchScreen.storyboard;
			sourceTree = "<group>";
		};
/* End PBXVariantGroup section */

/* Begin XCBuildConfiguration section */
		01F3242B1F3028F0004D8FF7 /* Debug */ = {
			isa = XCBuildConfiguration;
			buildSettings = {
				ALWAYS_SEARCH_USER_PATHS = NO;
				CLANG_ANALYZER_NONNULL = YES;
				CLANG_ANALYZER_NUMBER_OBJECT_CONVERSION = YES_AGGRESSIVE;
				CLANG_CXX_LANGUAGE_STANDARD = "gnu++0x";
				CLANG_CXX_LIBRARY = "libc++";
				CLANG_ENABLE_MODULES = YES;
				CLANG_ENABLE_OBJC_ARC = YES;
				CLANG_WARN_BOOL_CONVERSION = YES;
				CLANG_WARN_CONSTANT_CONVERSION = YES;
				CLANG_WARN_DIRECT_OBJC_ISA_USAGE = YES_ERROR;
				CLANG_WARN_DOCUMENTATION_COMMENTS = YES;
				CLANG_WARN_EMPTY_BODY = YES;
				CLANG_WARN_ENUM_CONVERSION = YES;
				CLANG_WARN_INFINITE_RECURSION = YES;
				CLANG_WARN_INT_CONVERSION = YES;
				CLANG_WARN_OBJC_ROOT_CLASS = YES_ERROR;
				CLANG_WARN_SUSPICIOUS_MOVE = YES;
				CLANG_WARN_UNREACHABLE_CODE = YES;
				CLANG_WARN__DUPLICATE_METHOD_MATCH = YES;
				"CODE_SIGN_IDENTITY[sdk=iphoneos*]" = "iPhone Developer";
				COPY_PHASE_STRIP = NO;
				DEBUG_INFORMATION_FORMAT = dwarf;
				ENABLE_STRICT_OBJC_MSGSEND = YES;
				ENABLE_TESTABILITY = YES;
				GCC_C_LANGUAGE_STANDARD = gnu99;
				GCC_DYNAMIC_NO_PIC = NO;
				GCC_NO_COMMON_BLOCKS = YES;
				GCC_OPTIMIZATION_LEVEL = 0;
				GCC_PREPROCESSOR_DEFINITIONS = (
					"DEBUG=1",
					"$(inherited)",
				);
				GCC_WARN_64_TO_32_BIT_CONVERSION = YES;
				GCC_WARN_ABOUT_RETURN_TYPE = YES_ERROR;
				GCC_WARN_UNDECLARED_SELECTOR = YES;
				GCC_WARN_UNINITIALIZED_AUTOS = YES_AGGRESSIVE;
				GCC_WARN_UNUSED_FUNCTION = YES;
				GCC_WARN_UNUSED_VARIABLE = YES;
				IPHONEOS_DEPLOYMENT_TARGET = 10.3;
				MTL_ENABLE_DEBUG_INFO = YES;
				ONLY_ACTIVE_ARCH = YES;
				SDKROOT = iphoneos;
				TARGETED_DEVICE_FAMILY = "1,2";
			};
			name = Debug;
		};
		01F3242C1F3028F0004D8FF7 /* Release */ = {
			isa = XCBuildConfiguration;
			buildSettings = {
				ALWAYS_SEARCH_USER_PATHS = NO;
				CLANG_ANALYZER_NONNULL = YES;
				CLANG_ANALYZER_NUMBER_OBJECT_CONVERSION = YES_AGGRESSIVE;
				CLANG_CXX_LANGUAGE_STANDARD = "gnu++0x";
				CLANG_CXX_LIBRARY = "libc++";
				CLANG_ENABLE_MODULES = YES;
				CLANG_ENABLE_OBJC_ARC = YES;
				CLANG_WARN_BOOL_CONVERSION = YES;
				CLANG_WARN_CONSTANT_CONVERSION = YES;
				CLANG_WARN_DIRECT_OBJC_ISA_USAGE = YES_ERROR;
				CLANG_WARN_DOCUMENTATION_COMMENTS = YES;
				CLANG_WARN_EMPTY_BODY = YES;
				CLANG_WARN_ENUM_CONVERSION = YES;
				CLANG_WARN_INFINITE_RECURSION = YES;
				CLANG_WARN_INT_CONVERSION = YES;
				CLANG_WARN_OBJC_ROOT_CLASS = YES_ERROR;
				CLANG_WARN_SUSPICIOUS_MOVE = YES;
				CLANG_WARN_UNREACHABLE_CODE = YES;
				CLANG_WARN__DUPLICATE_METHOD_MATCH = YES;
				"CODE_SIGN_IDENTITY[sdk=iphoneos*]" = "iPhone Developer";
				COPY_PHASE_STRIP = NO;
				DEBUG_INFORMATION_FORMAT = "dwarf-with-dsym";
				ENABLE_NS_ASSERTIONS = NO;
				ENABLE_STRICT_OBJC_MSGSEND = YES;
				GCC_C_LANGUAGE_STANDARD = gnu99;
				GCC_NO_COMMON_BLOCKS = YES;
				GCC_WARN_64_TO_32_BIT_CONVERSION = YES;
				GCC_WARN_ABOUT_RETURN_TYPE = YES_ERROR;
				GCC_WARN_UNDECLARED_SELECTOR = YES;
				GCC_WARN_UNINITIALIZED_AUTOS = YES_AGGRESSIVE;
				GCC_WARN_UNUSED_FUNCTION = YES;
				GCC_WARN_UNUSED_VARIABLE = YES;
				IPHONEOS_DEPLOYMENT_TARGET = 10.3;
				MTL_ENABLE_DEBUG_INFO = NO;
				SDKROOT = iphoneos;
				TARGETED_DEVICE_FAMILY = "1,2";
				VALIDATE_PRODUCT = YES;
			};
			name = Release;
		};
		01F3242E1F3028F0004D8FF7 /* Debug */ = {
			isa = XCBuildConfiguration;
			buildSettings = {
				ASSETCATALOG_COMPILER_APPICON_NAME = AppIcon;
				INFOPLIST_FILE = TestDemo/Info.plist;
				LD_RUNPATH_SEARCH_PATHS = "$(inherited) @executable_path/Frameworks";
				PRODUCT_BUNDLE_IDENTIFIER = ttt.TestDemo;
				PRODUCT_NAME = "$(TARGET_NAME)";
			};
			name = Debug;
		};
		01F3242F1F3028F0004D8FF7 /* Release */ = {
			isa = XCBuildConfiguration;
			buildSettings = {
				ASSETCATALOG_COMPILER_APPICON_NAME = AppIcon;
				INFOPLIST_FILE = TestDemo/Info.plist;
				LD_RUNPATH_SEARCH_PATHS = "$(inherited) @executable_path/Frameworks";
				PRODUCT_BUNDLE_IDENTIFIER = ttt.TestDemo;
				PRODUCT_NAME = "$(TARGET_NAME)";
			};
			name = Release;
		};
		01F324311F3028F0004D8FF7 /* Debug */ = {
			isa = XCBuildConfiguration;
			buildSettings = {
				BUNDLE_LOADER = "$(TEST_HOST)";
				INFOPLIST_FILE = TestDemoTests/Info.plist;
				LD_RUNPATH_SEARCH_PATHS = "$(inherited) @executable_path/Frameworks @loader_path/Frameworks";
				PRODUCT_BUNDLE_IDENTIFIER = ttt.TestDemoTests;
				PRODUCT_NAME = "$(TARGET_NAME)";
				TEST_HOST = "$(BUILT_PRODUCTS_DIR)/TestDemo.app/TestDemo";
			};
			name = Debug;
		};
		01F324321F3028F0004D8FF7 /* Release */ = {
			isa = XCBuildConfiguration;
			buildSettings = {
				BUNDLE_LOADER = "$(TEST_HOST)";
				INFOPLIST_FILE = TestDemoTests/Info.plist;
				LD_RUNPATH_SEARCH_PATHS = "$(inherited) @executable_path/Frameworks @loader_path/Frameworks";
				PRODUCT_BUNDLE_IDENTIFIER = ttt.TestDemoTests;
				PRODUCT_NAME = "$(TARGET_NAME)";
				TEST_HOST = "$(BUILT_PRODUCTS_DIR)/TestDemo.app/TestDemo";
			};
			name = Release;
		};
		01F324341F3028F0004D8FF7 /* Debug */ = {
			isa = XCBuildConfiguration;
			buildSettings = {
				INFOPLIST_FILE = TestDemoUITests/Info.plist;
				LD_RUNPATH_SEARCH_PATHS = "$(inherited) @executable_path/Frameworks @loader_path/Frameworks";
				PRODUCT_BUNDLE_IDENTIFIER = ttt.TestDemoUITests;
				PRODUCT_NAME = "$(TARGET_NAME)";
				TEST_TARGET_NAME = TestDemo;
			};
			name = Debug;
		};
		01F324351F3028F0004D8FF7 /* Release */ = {
			isa = XCBuildConfiguration;
			buildSettings = {
				INFOPLIST_FILE = TestDemoUITests/Info.plist;
				LD_RUNPATH_SEARCH_PATHS = "$(inherited) @executable_path/Frameworks @loader_path/Frameworks";
				PRODUCT_BUNDLE_IDENTIFIER = ttt.TestDemoUITests;
				PRODUCT_NAME = "$(TARGET_NAME)";
				TEST_TARGET_NAME = TestDemo;
			};
			name = Release;
		};
/* End XCBuildConfiguration section */

/* Begin XCConfigurationList section */
		01F323FB1F3028EF004D8FF7 /* Build configuration list for PBXProject "TestDemo" */ = {
			isa = XCConfigurationList;
			buildConfigurations = (
				01F3242B1F3028F0004D8FF7 /* Debug */,
				01F3242C1F3028F0004D8FF7 /* Release */,
			);
			defaultConfigurationIsVisible = 0;
			defaultConfigurationName = Release;
		};
		01F3242D1F3028F0004D8FF7 /* Build configuration list for PBXNativeTarget "TestDemo" */ = {
			isa = XCConfigurationList;
			buildConfigurations = (
				01F3242E1F3028F0004D8FF7 /* Debug */,
				01F3242F1F3028F0004D8FF7 /* Release */,
			);
			defaultConfigurationIsVisible = 0;
		};
		01F324301F3028F0004D8FF7 /* Build configuration list for PBXNativeTarget "TestDemoTests" */ = {
			isa = XCConfigurationList;
			buildConfigurations = (
				01F324311F3028F0004D8FF7 /* Debug */,
				01F324321F3028F0004D8FF7 /* Release */,
			);
			defaultConfigurationIsVisible = 0;
		};
		01F324331F3028F0004D8FF7 /* Build configuration list for PBXNativeTarget "TestDemoUITests" */ = {
			isa = XCConfigurationList;
			buildConfigurations = (
				01F324341F3028F0004D8FF7 /* Debug */,
				01F324351F3028F0004D8FF7 /* Release */,
			);
			defaultConfigurationIsVisible = 0;
		};
/* End XCConfigurationList section */
	};
	rootObject = 01F323F81F3028EF004D8FF7 /* Project object */;
}
